{
  "name": "npm-install",
  "version": "1.0.0",
  "lockfileVersion": 1,
  "requires": true,
  "dependencies": {
    "jquery": {
      "version": "3.4.1",
      "resolved": "https://registry.npmjs.org/jquery/-/jquery-3.4.1.tgz",
      "integrity": "sha512-36+AdBzCL+y6qjw5Tx7HgzeGCzC81MDDgaUP8ld2zhx58HdqXGoBd+tHdrBMiyjGQs0Hxs/MLZTu/eHNJJuWPw=="
    },
    "wenzubiao": {
      "version": "1.0.0",
      "resolved": "https://registry.npmjs.org/wenzubiao/-/wenzubiao-1.0.0.tgz",
      "integrity": "sha512-wbUPXKz1SnG6MqRckJg4SOO3wFHcAqi6zIflfhUf0DSXny7AXkTxFY2aksh2KS0tejPTLOo2VayDnDJlDAm8Xw==",
      "requires": {
        "jquery": "^3.4.1"
      }
    }
  }
}
